
Microsoft Visual Studio Solution File, Format Version 12.00
# Visual Studio Version 17
VisualStudioVersion = 17.1.32414.318
MinimumVisualStudioVersion = 10.0.40219.1
Project("{FAE04EC0-301F-11D3-BF4B-00C04F79EFBC}") = "Flexbook", "Flexbook\Flexbook.csproj", "{C73451D7-72D1-4DFB-AFFC-17668A80CBAA}"
EndProject
Global
	GlobalSection(SolutionConfigurationPlatforms) = preSolution
		Debug|Any CPU = Debug|Any CPU
		Release|Any CPU = Release|Any CPU
	EndGlobalSection
	GlobalSection(ProjectConfigurationPlatforms) = postSolution
		{C73451D7-72D1-4DFB-AFFC-17668A80CBAA}.Debug|Any CPU.ActiveCfg = Debug|Any CPU
		{C73451D7-72D1-4DFB-AFFC-17668A80CBAA}.Debug|Any CPU.Build.0 = Debug|Any CPU
		{C73451D7-72D1-4DFB-AFFC-17668A80CBAA}.Release|Any CPU.ActiveCfg = Release|Any CPU
		{C73451D7-72D1-4DFB-AFFC-17668A80CBAA}.Release|Any CPU.Build.0 = Release|Any CPU
	EndGlobalSection
	GlobalSection(SolutionProperties) = preSolution
		HideSolutionNode = FALSE
	EndGlobalSection
	GlobalSection(ExtensibilityGlobals) = postSolution
		SolutionGuid = {06D673F3-B3C0-40C4-8610-E1B65DB72586}
	EndGlobalSection
EndGlobal
