
Microsoft Visual Studio Solution File, Format Version 12.00
# Visual Studio Version 17
VisualStudioVersion = 17.1.32328.378
MinimumVisualStudioVersion = 10.0.40219.1
Project("{9A19103F-16F7-4668-BE54-9A1E7A4F7556}") = "Flexbook.Web", "flexbook.web\Flexbook.Web.csproj", "{DA76BDAD-6732-4A39-8F5E-858F25AA3F6B}"
EndProject
Project("{9A19103F-16F7-4668-BE54-9A1E7A4F7556}") = "Flexbook.Data", "flexbook.data\Flexbook.Data.csproj", "{6782EA65-9052-46E4-8A37-5919418A53E0}"
EndProject
Project("{FAE04EC0-301F-11D3-BF4B-00C04F79EFBC}") = "Flexbook.Services", "Flexbook.Services\Flexbook.Services.csproj", "{0983D4C4-D3F2-4862-B702-C20AB51D682F}"
EndProject
Project("{FAE04EC0-301F-11D3-BF4B-00C04F79EFBC}") = "Flexbook.Tests", "Flexbook.Tests\Flexbook.Tests.csproj", "{641294CD-1C37-4CC6-B9B7-3B7A23482F12}"
EndProject
Global
	GlobalSection(SolutionConfigurationPlatforms) = preSolution
		Debug|Any CPU = Debug|Any CPU
		Release|Any CPU = Release|Any CPU
	EndGlobalSection
	GlobalSection(ProjectConfigurationPlatforms) = postSolution
		{DA76BDAD-6732-4A39-8F5E-858F25AA3F6B}.Debug|Any CPU.ActiveCfg = Debug|Any CPU
		{DA76BDAD-6732-4A39-8F5E-858F25AA3F6B}.Debug|Any CPU.Build.0 = Debug|Any CPU
		{DA76BDAD-6732-4A39-8F5E-858F25AA3F6B}.Release|Any CPU.ActiveCfg = Release|Any CPU
		{DA76BDAD-6732-4A39-8F5E-858F25AA3F6B}.Release|Any CPU.Build.0 = Release|Any CPU
		{6782EA65-9052-46E4-8A37-5919418A53E0}.Debug|Any CPU.ActiveCfg = Debug|Any CPU
		{6782EA65-9052-46E4-8A37-5919418A53E0}.Debug|Any CPU.Build.0 = Debug|Any CPU
		{6782EA65-9052-46E4-8A37-5919418A53E0}.Release|Any CPU.ActiveCfg = Release|Any CPU
		{6782EA65-9052-46E4-8A37-5919418A53E0}.Release|Any CPU.Build.0 = Release|Any CPU
		{0983D4C4-D3F2-4862-B702-C20AB51D682F}.Debug|Any CPU.ActiveCfg = Debug|Any CPU
		{0983D4C4-D3F2-4862-B702-C20AB51D682F}.Debug|Any CPU.Build.0 = Debug|Any CPU
		{0983D4C4-D3F2-4862-B702-C20AB51D682F}.Release|Any CPU.ActiveCfg = Release|Any CPU
		{0983D4C4-D3F2-4862-B702-C20AB51D682F}.Release|Any CPU.Build.0 = Release|Any CPU
		{641294CD-1C37-4CC6-B9B7-3B7A23482F12}.Debug|Any CPU.ActiveCfg = Debug|Any CPU
		{641294CD-1C37-4CC6-B9B7-3B7A23482F12}.Debug|Any CPU.Build.0 = Debug|Any CPU
		{641294CD-1C37-4CC6-B9B7-3B7A23482F12}.Release|Any CPU.ActiveCfg = Release|Any CPU
		{641294CD-1C37-4CC6-B9B7-3B7A23482F12}.Release|Any CPU.Build.0 = Release|Any CPU
	EndGlobalSection
	GlobalSection(SolutionProperties) = preSolution
		HideSolutionNode = FALSE
	EndGlobalSection
	GlobalSection(ExtensibilityGlobals) = postSolution
		SolutionGuid = {390D1F84-FB33-4D60-A798-CF429D80A370}
	EndGlobalSection
EndGlobal
